
Microsoft Visual Studio Solution File, Format Version 12.00
# Visual Studio Version 17
VisualStudioVersion = 17.0.32112.339
MinimumVisualStudioVersion = 10.0.40219.1
Project("{FAE04EC0-301F-11D3-BF4B-00C04F79EFBC}") = "ExercicioDiamantes.ConsoleApp", "ExercicioDiamantes.ConsoleApp\ExercicioDiamantes.ConsoleApp.csproj", "{803378A6-0616-405D-9376-B5941609E05A}"
EndProject
Global
	GlobalSection(SolutionConfigurationPlatforms) = preSolution
		Debug|Any CPU = Debug|Any CPU
		Release|Any CPU = Release|Any CPU
	EndGlobalSection
	GlobalSection(ProjectConfigurationPlatforms) = postSolution
		{803378A6-0616-405D-9376-B5941609E05A}.Debug|Any CPU.ActiveCfg = Debug|Any CPU
		{803378A6-0616-405D-9376-B5941609E05A}.Debug|Any CPU.Build.0 = Debug|Any CPU
		{803378A6-0616-405D-9376-B5941609E05A}.Release|Any CPU.ActiveCfg = Release|Any CPU
		{803378A6-0616-405D-9376-B5941609E05A}.Release|Any CPU.Build.0 = Release|Any CPU
	EndGlobalSection
	GlobalSection(SolutionProperties) = preSolution
		HideSolutionNode = FALSE
	EndGlobalSection
	GlobalSection(ExtensibilityGlobals) = postSolution
		SolutionGuid = {2B42C2F2-524C-4829-B978-8A7CED3FA001}
	EndGlobalSection
EndGlobal
